
Microsoft Visual Studio Solution File, Format Version 12.00
# Visual Studio Version 17
VisualStudioVersion = 17.14.36518.9 d17.14
MinimumVisualStudioVersion = 10.0.40219.1
Project("{FAE04EC0-301F-11D3-BF4B-00C04F79EFBC}") = "Spea", "Spea.csproj", "{A38A1417-CB31-4BC1-859A-9461C06994FC}"
EndProject
Global
	GlobalSection(SolutionConfigurationPlatforms) = preSolution
		Debug|Any CPU = Debug|Any CPU
		Release|Any CPU = Release|Any CPU
	EndGlobalSection
	GlobalSection(ProjectConfigurationPlatforms) = postSolution
		{A38A1417-CB31-4BC1-859A-9461C06994FC}.Debug|Any CPU.ActiveCfg = Debug|Any CPU
		{A38A1417-CB31-4BC1-859A-9461C06994FC}.Debug|Any CPU.Build.0 = Debug|Any CPU
		{A38A1417-CB31-4BC1-859A-9461C06994FC}.Release|Any CPU.ActiveCfg = Release|Any CPU
		{A38A1417-CB31-4BC1-859A-9461C06994FC}.Release|Any CPU.Build.0 = Release|Any CPU
	EndGlobalSection
	GlobalSection(SolutionProperties) = preSolution
		HideSolutionNode = FALSE
	EndGlobalSection
	GlobalSection(ExtensibilityGlobals) = postSolution
		SolutionGuid = {A070A981-2FCE-43E0-9FFB-321ED45F298C}
	EndGlobalSection
EndGlobal
